
Microsoft Visual Studio Solution File, Format Version 12.00
# Visual Studio Version 16
VisualStudioVersion = 16.0.29613.14
MinimumVisualStudioVersion = 10.0.40219.1
Project("{FAE04EC0-301F-11D3-BF4B-00C04F79EFBC}") = "LISTA01", "LISTA01\LISTA01.csproj", "{97E87184-9D84-4E16-B31D-0EEB96C4CA3B}"
EndProject
Global
	GlobalSection(SolutionConfigurationPlatforms) = preSolution
		Debug|Any CPU = Debug|Any CPU
		Release|Any CPU = Release|Any CPU
	EndGlobalSection
	GlobalSection(ProjectConfigurationPlatforms) = postSolution
		{97E87184-9D84-4E16-B31D-0EEB96C4CA3B}.Debug|Any CPU.ActiveCfg = Debug|Any CPU
		{97E87184-9D84-4E16-B31D-0EEB96C4CA3B}.Debug|Any CPU.Build.0 = Debug|Any CPU
		{97E87184-9D84-4E16-B31D-0EEB96C4CA3B}.Release|Any CPU.ActiveCfg = Release|Any CPU
		{97E87184-9D84-4E16-B31D-0EEB96C4CA3B}.Release|Any CPU.Build.0 = Release|Any CPU
	EndGlobalSection
	GlobalSection(SolutionProperties) = preSolution
		HideSolutionNode = FALSE
	EndGlobalSection
	GlobalSection(ExtensibilityGlobals) = postSolution
		SolutionGuid = {32048764-0956-417D-A6AA-F85B5890D0B3}
	EndGlobalSection
EndGlobal
